
Microsoft Visual Studio Solution File, Format Version 12.00
# Visual Studio Version 17
VisualStudioVersion = 17.11.35222.181
MinimumVisualStudioVersion = 10.0.40219.1
Project("{FAE04EC0-301F-11D3-BF4B-00C04F79EFBC}") = "Unit Conversion Tool", "Unit Conversion Tool.csproj", "{7CED7E8B-F108-40D9-B526-2DE7D37247DE}"
EndProject
Global
	GlobalSection(SolutionConfigurationPlatforms) = preSolution
		Debug|Any CPU = Debug|Any CPU
		Release|Any CPU = Release|Any CPU
	EndGlobalSection
	GlobalSection(ProjectConfigurationPlatforms) = postSolution
		{7CED7E8B-F108-40D9-B526-2DE7D37247DE}.Debug|Any CPU.ActiveCfg = Debug|Any CPU
		{7CED7E8B-F108-40D9-B526-2DE7D37247DE}.Debug|Any CPU.Build.0 = Debug|Any CPU
		{7CED7E8B-F108-40D9-B526-2DE7D37247DE}.Release|Any CPU.ActiveCfg = Release|Any CPU
		{7CED7E8B-F108-40D9-B526-2DE7D37247DE}.Release|Any CPU.Build.0 = Release|Any CPU
	EndGlobalSection
	GlobalSection(SolutionProperties) = preSolution
		HideSolutionNode = FALSE
	EndGlobalSection
	GlobalSection(ExtensibilityGlobals) = postSolution
		SolutionGuid = {D927EF58-3A7A-4607-9D49-C7E8B52E5FDD}
	EndGlobalSection
EndGlobal
